{
    "_readme": [
        "This file locks the dependencies of your project to a known state",
        "Read more about it at https://getcomposer.org/doc/01-basic-usage.md#installing-dependencies",
        "This file is @generated automatically"
    ],
    "content-hash": "0060524462d781493840f841e264f4dd",
    "packages": [
        {
            "name": "bsobbe/ithenticate",
            "version": "dev-master",
            "source": {
                "type": "git",
                "url": "https://github.com/bsobbe/iThenticate.git",
                "reference": "7063826f028cda0b75c0f5f6dd6450cd931d6d68"
            },
            "dist": {
                "type": "zip",
                "url": "https://api.github.com/repos/bsobbe/iThenticate/zipball/7063826f028cda0b75c0f5f6dd6450cd931d6d68",
                "reference": "7063826f028cda0b75c0f5f6dd6450cd931d6d68",
                "shasum": ""
            },
            "require": {
                "phpxmlrpc/phpxmlrpc": "4.0"
            },
            "type": "php-library",
            "autoload": {
                "psr-4": {
                    "bsobbe\\ithenticate\\": ""
                }
            },
            "notification-url": "https://packagist.org/downloads/",
            "license": [
                "MIT"
            ],
            "authors": [
                {
                    "name": "Sobhan Bagheri (A.K.A sobbe)",
                    "email": "b.sobhanbagheri@gmail.com"
                }
            ],
            "description": "A library to use Ithenticate API easier and faster, to check and prevent plagiarism",
            "keywords": [
                "api",
                "crossref",
                "ithenticate",
                "library",
                "php",
                "plagiarism",
                "plagiarism-prevention"
            ],
            "time": "2019-03-29T10:13:28+00:00"
        },
        {
            "name": "phpmailer/phpmailer",
            "version": "v6.1.6",
            "source": {
                "type": "git",
                "url": "https://github.com/PHPMailer/PHPMailer.git",
                "reference": "c2796cb1cb99d7717290b48c4e6f32cb6c60b7b3"
            },
            "dist": {
                "type": "zip",
                "url": "https://api.github.com/repos/PHPMailer/PHPMailer/zipball/c2796cb1cb99d7717290b48c4e6f32cb6c60b7b3",
                "reference": "c2796cb1cb99d7717290b48c4e6f32cb6c60b7b3",
                "shasum": ""
            },
            "require": {
                "ext-ctype": "*",
                "ext-filter": "*",
                "php": ">=5.5.0"
            },
            "require-dev": {
                "doctrine/annotations": "^1.2",
                "friendsofphp/php-cs-fixer": "^2.2",
                "phpunit/phpunit": "^4.8 || ^5.7"
            },
            "suggest": {
                "ext-mbstring": "Needed to send email in multibyte encoding charset",
                "hayageek/oauth2-yahoo": "Needed for Yahoo XOAUTH2 authentication",
                "league/oauth2-google": "Needed for Google XOAUTH2 authentication",
                "psr/log": "For optional PSR-3 debug logging",
                "stevenmaguire/oauth2-microsoft": "Needed for Microsoft XOAUTH2 authentication",
                "symfony/polyfill-mbstring": "To support UTF-8 if the Mbstring PHP extension is not enabled (^1.2)"
            },
            "type": "library",
            "autoload": {
                "psr-4": {
                    "PHPMailer\\PHPMailer\\": "src/"
                }
            },
            "notification-url": "https://packagist.org/downloads/",
            "license": [
                "LGPL-2.1-only"
            ],
            "authors": [
                {
                    "name": "Marcus Bointon",
                    "email": "phpmailer@synchromedia.co.uk"
                },
                {
                    "name": "Jim Jagielski",
                    "email": "jimjag@gmail.com"
                },
                {
                    "name": "Andy Prevost",
                    "email": "codeworxtech@users.sourceforge.net"
                },
                {
                    "name": "Brent R. Matzelle"
                }
            ],
            "description": "PHPMailer is a full-featured email creation and transfer class for PHP",
            "time": "2020-05-27T12:24:03+00:00"
        },
        {
            "name": "phpxmlrpc/phpxmlrpc",
            "version": "4.0.0",
            "source": {
                "type": "git",
                "url": "https://github.com/gggeek/phpxmlrpc.git",
                "reference": "679eacd661962f353a809ab66e83a86233f28bcc"
            },
            "dist": {
                "type": "zip",
                "url": "https://api.github.com/repos/gggeek/phpxmlrpc/zipball/679eacd661962f353a809ab66e83a86233f28bcc",
                "reference": "679eacd661962f353a809ab66e83a86233f28bcc",
                "shasum": ""
            },
            "require": {
                "ext-xml": "*",
                "php": ">=5.3.0"
            },
            "require-dev": {
                "codeclimate/php-test-reporter": "dev-master",
                "docbook/docbook-xsl": "~1.78",
                "ext-curl": "*",
                "ext-mbstring": "*",
                "indeyets/pake": "~1.99",
                "phpdocumentor/phpdocumentor": "2.*",
                "phpunit/phpunit": ">=4.0.0",
                "phpunit/phpunit-selenium": "*"
            },
            "suggest": {
                "ext-curl": "Needed for HTTPS and HTTP 1.1 support, NTLM Auth etc...",
                "ext-mbstring": "Needed to allow reception of requests/responses in character sets other than ASCII,LATIN-1,UTF-8",
                "ext-zlib": "Needed for sending compressed requests and receiving compressed responses, if cURL is not available"
            },
            "type": "library",
            "autoload": {
                "psr-4": {
                    "PhpXmlRpc\\": "src/"
                }
            },
            "notification-url": "https://packagist.org/downloads/",
            "license": [
                "BSD-3-Clause"
            ],
            "description": "A php library for building xmlrpc clients and servers",
            "homepage": "http://gggeek.github.io/phpxmlrpc/",
            "keywords": [
                "webservices",
                "xmlrpc"
            ],
            "time": "2016-01-20T23:28:09+00:00"
        }
    ],
    "packages-dev": [],
    "aliases": [],
    "minimum-stability": "stable",
    "stability-flags": {
        "bsobbe/ithenticate": 20
    },
    "prefer-stable": false,
    "prefer-lowest": false,
    "platform": [],
    "platform-dev": []
}
